// !$*UTF8*$!
{
	archiveVersion = 1;
	classes = {
	};
	objectVersion = 51;
	objects = {

/* Begin PBXBuildFile section */
		164294B441A628E745DCE839 /* Pods_fitnolPractice.framework in Frameworks */ = {isa = PBXBuildFile; fileRef = 98E40AC9FFC3D834829BF5B3 /* Pods_fitnolPractice.framework */; };
		23218BA3240A615300C40135 /* AppDelegate.swift in Sources */ = {isa = PBXBuildFile; fileRef = 23218BA2240A615300C40135 /* AppDelegate.swift */; };
		23218BA5240A615300C40135 /* SceneDelegate.swift in Sources */ = {isa = PBXBuildFile; fileRef = 23218BA4240A615300C40135 /* SceneDelegate.swift */; };
		23218BA7240A615300C40135 /* ViewController.swift in Sources */ = {isa = PBXBuildFile; fileRef = 23218BA6240A615300C40135 /* ViewController.swift */; };
		23218BAA240A615300C40135 /* Main.storyboard in Resources */ = {isa = PBXBuildFile; fileRef = 23218BA8240A615300C40135 /* Main.storyboard */; };
		23218BAD240A615300C40135 /* fitnolPractice.xcdatamodeld in Sources */ = {isa = PBXBuildFile; fileRef = 23218BAB240A615300C40135 /* fitnolPractice.xcdatamodeld */; };
		23218BAF240A615600C40135 /* Assets.xcassets in Resources */ = {isa = PBXBuildFile; fileRef = 23218BAE240A615600C40135 /* Assets.xcassets */; };
		23218BB2240A615600C40135 /* LaunchScreen.storyboard in Resources */ = {isa = PBXBuildFile; fileRef = 23218BB0240A615600C40135 /* LaunchScreen.storyboard */; };
		23218BBC240A710D00C40135 /* CommentsTableViewCell.swift in Sources */ = {isa = PBXBuildFile; fileRef = 23218BBA240A710D00C40135 /* CommentsTableViewCell.swift */; };
		23218BBD240A710D00C40135 /* CommentsTableViewCell.xib in Resources */ = {isa = PBXBuildFile; fileRef = 23218BBB240A710D00C40135 /* CommentsTableViewCell.xib */; };
		23218BC0240A7D6800C40135 /* SecondCommentsTableViewCell.swift in Sources */ = {isa = PBXBuildFile; fileRef = 23218BBE240A7D6800C40135 /* SecondCommentsTableViewCell.swift */; };
		23218BC1240A7D6800C40135 /* SecondCommentsTableViewCell.xib in Resources */ = {isa = PBXBuildFile; fileRef = 23218BBF240A7D6800C40135 /* SecondCommentsTableViewCell.xib */; };
		23218BC3240ABFC700C40135 /* CarbonViewController.swift in Sources */ = {isa = PBXBuildFile; fileRef = 23218BC2240ABFC600C40135 /* CarbonViewController.swift */; };
		23218BC5240AC2D400C40135 /* TabViewController.swift in Sources */ = {isa = PBXBuildFile; fileRef = 23218BC4240AC2D400C40135 /* TabViewController.swift */; };
/* End PBXBuildFile section */

/* Begin PBXFileReference section */
		2139A313ADDFB31B55E24004 /* Pods-fitnolPractice.release.xcconfig */ = {isa = PBXFileReference; includeInIndex = 1; lastKnownFileType = text.xcconfig; name = "Pods-fitnolPractice.release.xcconfig"; path = "Target Support Files/Pods-fitnolPractice/Pods-fitnolPractice.release.xcconfig"; sourceTree = "<group>"; };
		23218B9F240A615300C40135 /* fitnolPractice.app */ = {isa = PBXFileReference; explicitFileType = wrapper.application; includeInIndex = 0; path = fitnolPractice.app; sourceTree = BUILT_PRODUCTS_DIR; };
		23218BA2240A615300C40135 /* AppDelegate.swift */ = {isa = PBXFileReference; lastKnownFileType = sourcecode.swift; path = AppDelegate.swift; sourceTree = "<group>"; };
		23218BA4240A615300C40135 /* SceneDelegate.swift */ = {isa = PBXFileReference; lastKnownFileType = sourcecode.swift; path = SceneDelegate.swift; sourceTree = "<group>"; };
		23218BA6240A615300C40135 /* ViewController.swift */ = {isa = PBXFileReference; lastKnownFileType = sourcecode.swift; path = ViewController.swift; sourceTree = "<group>"; };
		23218BA9240A615300C40135 /* Base */ = {isa = PBXFileReference; lastKnownFileType = file.storyboard; name = Base; path = Base.lproj/Main.storyboard; sourceTree = "<group>"; };
		23218BAC240A615300C40135 /* fitnolPractice.xcdatamodel */ = {isa = PBXFileReference; lastKnownFileType = wrapper.xcdatamodel; path = fitnolPractice.xcdatamodel; sourceTree = "<group>"; };
		23218BAE240A615600C40135 /* Assets.xcassets */ = {isa = PBXFileReference; lastKnownFileType = folder.assetcatalog; path = Assets.xcassets; sourceTree = "<group>"; };
		23218BB1240A615600C40135 /* Base */ = {isa = PBXFileReference; lastKnownFileType = file.storyboard; name = Base; path = Base.lproj/LaunchScreen.storyboard; sourceTree = "<group>"; };
		23218BB3240A615600C40135 /* Info.plist */ = {isa = PBXFileReference; lastKnownFileType = text.plist.xml; path = Info.plist; sourceTree = "<group>"; };
		23218BBA240A710D00C40135 /* CommentsTableViewCell.swift */ = {isa = PBXFileReference; lastKnownFileType = sourcecode.swift; path = CommentsTableViewCell.swift; sourceTree = "<group>"; };
		23218BBB240A710D00C40135 /* CommentsTableViewCell.xib */ = {isa = PBXFileReference; lastKnownFileType = file.xib; path = CommentsTableViewCell.xib; sourceTree = "<group>"; };
		23218BBE240A7D6800C40135 /* SecondCommentsTableViewCell.swift */ = {isa = PBXFileReference; lastKnownFileType = sourcecode.swift; path = SecondCommentsTableViewCell.swift; sourceTree = "<group>"; };
		23218BBF240A7D6800C40135 /* SecondCommentsTableViewCell.xib */ = {isa = PBXFileReference; lastKnownFileType = file.xib; path = SecondCommentsTableViewCell.xib; sourceTree = "<group>"; };
		23218BC2240ABFC600C40135 /* CarbonViewController.swift */ = {isa = PBXFileReference; lastKnownFileType = sourcecode.swift; path = CarbonViewController.swift; sourceTree = "<group>"; };
		23218BC4240AC2D400C40135 /* TabViewController.swift */ = {isa = PBXFileReference; lastKnownFileType = sourcecode.swift; path = TabViewController.swift; sourceTree = "<group>"; };
		98E40AC9FFC3D834829BF5B3 /* Pods_fitnolPractice.framework */ = {isa = PBXFileReference; explicitFileType = wrapper.framework; includeInIndex = 0; path = Pods_fitnolPractice.framework; sourceTree = BUILT_PRODUCTS_DIR; };
		EA4452733ADBC32AB4FFB270 /* Pods-fitnolPractice.debug.xcconfig */ = {isa = PBXFileReference; includeInIndex = 1; lastKnownFileType = text.xcconfig; name = "Pods-fitnolPractice.debug.xcconfig"; path = "Target Support Files/Pods-fitnolPractice/Pods-fitnolPractice.debug.xcconfig"; sourceTree = "<group>"; };
/* End PBXFileReference section */

/* Begin PBXFrameworksBuildPhase section */
		23218B9C240A615300C40135 /* Frameworks */ = {
			isa = PBXFrameworksBuildPhase;
			buildActionMask = 2147483647;
			files = (
				164294B441A628E745DCE839 /* Pods_fitnolPractice.framework in Frameworks */,
			);
			runOnlyForDeploymentPostprocessing = 0;
		};
/* End PBXFrameworksBuildPhase section */

/* Begin PBXGroup section */
		23218B96240A615300C40135 = {
			isa = PBXGroup;
			children = (
				23218BA1240A615300C40135 /* fitnolPractice */,
				23218BA0240A615300C40135 /* Products */,
				3D2784755F95F0BE0C72BC89 /* Pods */,
				EF1DA30BC7461C827E51D53F /* Frameworks */,
			);
			sourceTree = "<group>";
		};
		23218BA0240A615300C40135 /* Products */ = {
			isa = PBXGroup;
			children = (
				23218B9F240A615300C40135 /* fitnolPractice.app */,
			);
			name = Products;
			sourceTree = "<group>";
		};
		23218BA1240A615300C40135 /* fitnolPractice */ = {
			isa = PBXGroup;
			children = (
				23218BB3240A615600C40135 /* Info.plist */,
				23218BA2240A615300C40135 /* AppDelegate.swift */,
				23218BC2240ABFC600C40135 /* CarbonViewController.swift */,
				23218BA4240A615300C40135 /* SceneDelegate.swift */,
				23218BC4240AC2D400C40135 /* TabViewController.swift */,
				23218BA6240A615300C40135 /* ViewController.swift */,
				23218BAE240A615600C40135 /* Assets.xcassets */,
				23218BB9240A70F700C40135 /* Comments */,
				23218BAB240A615300C40135 /* fitnolPractice.xcdatamodeld */,
				23218BB0240A615600C40135 /* LaunchScreen.storyboard */,
				23218BA8240A615300C40135 /* Main.storyboard */,
			);
			path = fitnolPractice;
			sourceTree = "<group>";
		};
		23218BB9240A70F700C40135 /* Comments */ = {
			isa = PBXGroup;
			children = (
				23218BBA240A710D00C40135 /* CommentsTableViewCell.swift */,
				23218BBB240A710D00C40135 /* CommentsTableViewCell.xib */,
				23218BBE240A7D6800C40135 /* SecondCommentsTableViewCell.swift */,
				23218BBF240A7D6800C40135 /* SecondCommentsTableViewCell.xib */,
			);
			path = Comments;
			sourceTree = "<group>";
		};
		3D2784755F95F0BE0C72BC89 /* Pods */ = {
			isa = PBXGroup;
			children = (
				EA4452733ADBC32AB4FFB270 /* Pods-fitnolPractice.debug.xcconfig */,
				2139A313ADDFB31B55E24004 /* Pods-fitnolPractice.release.xcconfig */,
			);
			path = Pods;
			sourceTree = "<group>";
		};
		EF1DA30BC7461C827E51D53F /* Frameworks */ = {
			isa = PBXGroup;
			children = (
				98E40AC9FFC3D834829BF5B3 /* Pods_fitnolPractice.framework */,
			);
			name = Frameworks;
			sourceTree = "<group>";
		};
/* End PBXGroup section */

/* Begin PBXNativeTarget section */
		23218B9E240A615300C40135 /* fitnolPractice */ = {
			isa = PBXNativeTarget;
			buildConfigurationList = 23218BB6240A615600C40135 /* Build configuration list for PBXNativeTarget "fitnolPractice" */;
			buildPhases = (
				649E94F3038A0A3D4246F3A1 /* [CP] Check Pods Manifest.lock */,
				23218B9B240A615300C40135 /* Sources */,
				23218B9C240A615300C40135 /* Frameworks */,
				23218B9D240A615300C40135 /* Resources */,
				3B52BE4EE2C7C41562A18EA7 /* [CP] Embed Pods Frameworks */,
			);
			buildRules = (
			);
			dependencies = (
			);
			name = fitnolPractice;
			productName = fitnolPractice;
			productReference = 23218B9F240A615300C40135 /* fitnolPractice.app */;
			productType = "com.apple.product-type.application";
		};
/* End PBXNativeTarget section */

/* Begin PBXProject section */
		23218B97240A615300C40135 /* Project object */ = {
			isa = PBXProject;
			attributes = {
				LastSwiftUpdateCheck = 1130;
				LastUpgradeCheck = 1130;
				ORGANIZATIONNAME = "Muhammad Imran Shah";
				TargetAttributes = {
					23218B9E240A615300C40135 = {
						CreatedOnToolsVersion = 11.3.1;
					};
				};
			};
			buildConfigurationList = 23218B9A240A615300C40135 /* Build configuration list for PBXProject "fitnolPractice" */;
			compatibilityVersion = "Xcode 9.3";
			developmentRegion = en;
			hasScannedForEncodings = 0;
			knownRegions = (
				en,
				Base,
			);
			mainGroup = 23218B96240A615300C40135;
			productRefGroup = 23218BA0240A615300C40135 /* Products */;
			projectDirPath = "";
			projectRoot = "";
			targets = (
				23218B9E240A615300C40135 /* fitnolPractice */,
			);
		};
/* End PBXProject section */

/* Begin PBXResourcesBuildPhase section */
		23218B9D240A615300C40135 /* Resources */ = {
			isa = PBXResourcesBuildPhase;
			buildActionMask = 2147483647;
			files = (
				23218BB2240A615600C40135 /* LaunchScreen.storyboard in Resources */,
				23218BAF240A615600C40135 /* Assets.xcassets in Resources */,
				23218BAA240A615300C40135 /* Main.storyboard in Resources */,
				23218BBD240A710D00C40135 /* CommentsTableViewCell.xib in Resources */,
				23218BC1240A7D6800C40135 /* SecondCommentsTableViewCell.xib in Resources */,
			);
			runOnlyForDeploymentPostprocessing = 0;
		};
/* End PBXResourcesBuildPhase section */

/* Begin PBXShellScriptBuildPhase section */
		3B52BE4EE2C7C41562A18EA7 /* [CP] Embed Pods Frameworks */ = {
			isa = PBXShellScriptBuildPhase;
			buildActionMask = 2147483647;
			files = (
			);
			inputFileListPaths = (
				"${PODS_ROOT}/Target Support Files/Pods-fitnolPractice/Pods-fitnolPractice-frameworks-${CONFIGURATION}-input-files.xcfilelist",
			);
			name = "[CP] Embed Pods Frameworks";
			outputFileListPaths = (
				"${PODS_ROOT}/Target Support Files/Pods-fitnolPractice/Pods-fitnolPractice-frameworks-${CONFIGURATION}-output-files.xcfilelist",
			);
			runOnlyForDeploymentPostprocessing = 0;
			shellPath = /bin/sh;
			shellScript = "\"${PODS_ROOT}/Target Support Files/Pods-fitnolPractice/Pods-fitnolPractice-frameworks.sh\"\n";
			showEnvVarsInLog = 0;
		};
		649E94F3038A0A3D4246F3A1 /* [CP] Check Pods Manifest.lock */ = {
			isa = PBXShellScriptBuildPhase;
			buildActionMask = 2147483647;
			files = (
			);
			inputFileListPaths = (
			);
			inputPaths = (
				"${PODS_PODFILE_DIR_PATH}/Podfile.lock",
				"${PODS_ROOT}/Manifest.lock",
			);
			name = "[CP] Check Pods Manifest.lock";
			outputFileListPaths = (
			);
			outputPaths = (
				"$(DERIVED_FILE_DIR)/Pods-fitnolPractice-checkManifestLockResult.txt",
			);
			runOnlyForDeploymentPostprocessing = 0;
			shellPath = /bin/sh;
			shellScript = "diff \"${PODS_PODFILE_DIR_PATH}/Podfile.lock\" \"${PODS_ROOT}/Manifest.lock\" > /dev/null\nif [ $? != 0 ] ; then\n    # print error to STDERR\n    echo \"error: The sandbox is not in sync with the Podfile.lock. Run 'pod install' or update your CocoaPods installation.\" >&2\n    exit 1\nfi\n# This output is used by Xcode 'outputs' to avoid re-running this script phase.\necho \"SUCCESS\" > \"${SCRIPT_OUTPUT_FILE_0}\"\n";
			showEnvVarsInLog = 0;
		};
/* End PBXShellScriptBuildPhase section */

/* Begin PBXSourcesBuildPhase section */
		23218B9B240A615300C40135 /* Sources */ = {
			isa = PBXSourcesBuildPhase;
			buildActionMask = 2147483647;
			files = (
				23218BC5240AC2D400C40135 /* TabViewController.swift in Sources */,
				23218BC3240ABFC700C40135 /* CarbonViewController.swift in Sources */,
				23218BA7240A615300C40135 /* ViewController.swift in Sources */,
				23218BA3240A615300C40135 /* AppDelegate.swift in Sources */,
				23218BBC240A710D00C40135 /* CommentsTableViewCell.swift in Sources */,
				23218BAD240A615300C40135 /* fitnolPractice.xcdatamodeld in Sources */,
				23218BA5240A615300C40135 /* SceneDelegate.swift in Sources */,
				23218BC0240A7D6800C40135 /* SecondCommentsTableViewCell.swift in Sources */,
			);
			runOnlyForDeploymentPostprocessing = 0;
		};
/* End PBXSourcesBuildPhase section */

/* Begin PBXVariantGroup section */
		23218BA8240A615300C40135 /* Main.storyboard */ = {
			isa = PBXVariantGroup;
			children = (
				23218BA9240A615300C40135 /* Base */,
			);
			name = Main.storyboard;
			sourceTree = "<group>";
		};
		23218BB0240A615600C40135 /* LaunchScreen.storyboard */ = {
			isa = PBXVariantGroup;
			children = (
				23218BB1240A615600C40135 /* Base */,
			);
			name = LaunchScreen.storyboard;
			sourceTree = "<group>";
		};
/* End PBXVariantGroup section */

/* Begin XCBuildConfiguration section */
		23218BB4240A615600C40135 /* Debug */ = {
			isa = XCBuildConfiguration;
			buildSettings = {
				ALWAYS_SEARCH_USER_PATHS = NO;
				CLANG_ANALYZER_NONNULL = YES;
				CLANG_ANALYZER_NUMBER_OBJECT_CONVERSION = YES_AGGRESSIVE;
				CLANG_CXX_LANGUAGE_STANDARD = "gnu++14";
				CLANG_CXX_LIBRARY = "libc++";
				CLANG_ENABLE_MODULES = YES;
				CLANG_ENABLE_OBJC_ARC = YES;
				CLANG_ENABLE_OBJC_WEAK = YES;
				CLANG_WARN_BLOCK_CAPTURE_AUTORELEASING = YES;
				CLANG_WARN_BOOL_CONVERSION = YES;
				CLANG_WARN_COMMA = YES;
				CLANG_WARN_CONSTANT_CONVERSION = YES;
				CLANG_WARN_DEPRECATED_OBJC_IMPLEMENTATIONS = YES;
				CLANG_WARN_DIRECT_OBJC_ISA_USAGE = YES_ERROR;
				CLANG_WARN_DOCUMENTATION_COMMENTS = YES;
				CLANG_WARN_EMPTY_BODY = YES;
				CLANG_WARN_ENUM_CONVERSION = YES;
				CLANG_WARN_INFINITE_RECURSION = YES;
				CLANG_WARN_INT_CONVERSION = YES;
				CLANG_WARN_NON_LITERAL_NULL_CONVERSION = YES;
				CLANG_WARN_OBJC_IMPLICIT_RETAIN_SELF = YES;
				CLANG_WARN_OBJC_LITERAL_CONVERSION = YES;
				CLANG_WARN_OBJC_ROOT_CLASS = YES_ERROR;
				CLANG_WARN_RANGE_LOOP_ANALYSIS = YES;
				CLANG_WARN_STRICT_PROTOTYPES = YES;
				CLANG_WARN_SUSPICIOUS_MOVE = YES;
				CLANG_WARN_UNGUARDED_AVAILABILITY = YES_AGGRESSIVE;
				CLANG_WARN_UNREACHABLE_CODE = YES;
				CLANG_WARN__DUPLICATE_METHOD_MATCH = YES;
				COPY_PHASE_STRIP = NO;
				DEBUG_INFORMATION_FORMAT = dwarf;
				ENABLE_STRICT_OBJC_MSGSEND = YES;
				ENABLE_TESTABILITY = YES;
				GCC_C_LANGUAGE_STANDARD = gnu11;
				GCC_DYNAMIC_NO_PIC = NO;
				GCC_NO_COMMON_BLOCKS = YES;
				GCC_OPTIMIZATION_LEVEL = 0;
				GCC_PREPROCESSOR_DEFINITIONS = (
					"DEBUG=1",
					"$(inherited)",
				);
				GCC_WARN_64_TO_32_BIT_CONVERSION = YES;
				GCC_WARN_ABOUT_RETURN_TYPE = YES_ERROR;
				GCC_WARN_UNDECLARED_SELECTOR = YES;
				GCC_WARN_UNINITIALIZED_AUTOS = YES_AGGRESSIVE;
				GCC_WARN_UNUSED_FUNCTION = YES;
				GCC_WARN_UNUSED_VARIABLE = YES;
				IPHONEOS_DEPLOYMENT_TARGET = 13.2;
				MTL_ENABLE_DEBUG_INFO = INCLUDE_SOURCE;
				MTL_FAST_MATH = YES;
				ONLY_ACTIVE_ARCH = YES;
				SDKROOT = iphoneos;
				SWIFT_ACTIVE_COMPILATION_CONDITIONS = DEBUG;
				SWIFT_OPTIMIZATION_LEVEL = "-Onone";
			};
			name = Debug;
		};
		23218BB5240A615600C40135 /* Release */ = {
			isa = XCBuildConfiguration;
			buildSettings = {
				ALWAYS_SEARCH_USER_PATHS = NO;
				CLANG_ANALYZER_NONNULL = YES;
				CLANG_ANALYZER_NUMBER_OBJECT_CONVERSION = YES_AGGRESSIVE;
				CLANG_CXX_LANGUAGE_STANDARD = "gnu++14";
				CLANG_CXX_LIBRARY = "libc++";
				CLANG_ENABLE_MODULES = YES;
				CLANG_ENABLE_OBJC_ARC = YES;
				CLANG_ENABLE_OBJC_WEAK = YES;
				CLANG_WARN_BLOCK_CAPTURE_AUTORELEASING = YES;
				CLANG_WARN_BOOL_CONVERSION = YES;
				CLANG_WARN_COMMA = YES;
				CLANG_WARN_CONSTANT_CONVERSION = YES;
				CLANG_WARN_DEPRECATED_OBJC_IMPLEMENTATIONS = YES;
				CLANG_WARN_DIRECT_OBJC_ISA_USAGE = YES_ERROR;
				CLANG_WARN_DOCUMENTATION_COMMENTS = YES;
				CLANG_WARN_EMPTY_BODY = YES;
				CLANG_WARN_ENUM_CONVERSION = YES;
				CLANG_WARN_INFINITE_RECURSION = YES;
				CLANG_WARN_INT_CONVERSION = YES;
				CLANG_WARN_NON_LITERAL_NULL_CONVERSION = YES;
				CLANG_WARN_OBJC_IMPLICIT_RETAIN_SELF = YES;
				CLANG_WARN_OBJC_LITERAL_CONVERSION = YES;
				CLANG_WARN_OBJC_ROOT_CLASS = YES_ERROR;
				CLANG_WARN_RANGE_LOOP_ANALYSIS = YES;
				CLANG_WARN_STRICT_PROTOTYPES = YES;
				CLANG_WARN_SUSPICIOUS_MOVE = YES;
				CLANG_WARN_UNGUARDED_AVAILABILITY = YES_AGGRESSIVE;
				CLANG_WARN_UNREACHABLE_CODE = YES;
				CLANG_WARN__DUPLICATE_METHOD_MATCH = YES;
				COPY_PHASE_STRIP = NO;
				DEBUG_INFORMATION_FORMAT = "dwarf-with-dsym";
				ENABLE_NS_ASSERTIONS = NO;
				ENABLE_STRICT_OBJC_MSGSEND = YES;
				GCC_C_LANGUAGE_STANDARD = gnu11;
				GCC_NO_COMMON_BLOCKS = YES;
				GCC_WARN_64_TO_32_BIT_CONVERSION = YES;
				GCC_WARN_ABOUT_RETURN_TYPE = YES_ERROR;
				GCC_WARN_UNDECLARED_SELECTOR = YES;
				GCC_WARN_UNINITIALIZED_AUTOS = YES_AGGRESSIVE;
				GCC_WARN_UNUSED_FUNCTION = YES;
				GCC_WARN_UNUSED_VARIABLE = YES;
				IPHONEOS_DEPLOYMENT_TARGET = 13.2;
				MTL_ENABLE_DEBUG_INFO = NO;
				MTL_FAST_MATH = YES;
				SDKROOT = iphoneos;
				SWIFT_COMPILATION_MODE = wholemodule;
				SWIFT_OPTIMIZATION_LEVEL = "-O";
				VALIDATE_PRODUCT = YES;
			};
			name = Release;
		};
		23218BB7240A615600C40135 /* Debug */ = {
			isa = XCBuildConfiguration;
			baseConfigurationReference = EA4452733ADBC32AB4FFB270 /* Pods-fitnolPractice.debug.xcconfig */;
			buildSettings = {
				ASSETCATALOG_COMPILER_APPICON_NAME = AppIcon;
				CODE_SIGN_STYLE = Automatic;
				DEVELOPMENT_TEAM = LM67982NF5;
				INFOPLIST_FILE = fitnolPractice/Info.plist;
				LD_RUNPATH_SEARCH_PATHS = (
					"$(inherited)",
					"@executable_path/Frameworks",
				);
				PRODUCT_BUNDLE_IDENTIFIER = com.theknockdoor.fitnolPractice;
				PRODUCT_NAME = "$(TARGET_NAME)";
				SWIFT_VERSION = 5.0;
				TARGETED_DEVICE_FAMILY = "1,2";
			};
			name = Debug;
		};
		23218BB8240A615600C40135 /* Release */ = {
			isa = XCBuildConfiguration;
			baseConfigurationReference = 2139A313ADDFB31B55E24004 /* Pods-fitnolPractice.release.xcconfig */;
			buildSettings = {
				ASSETCATALOG_COMPILER_APPICON_NAME = AppIcon;
				CODE_SIGN_STYLE = Automatic;
				DEVELOPMENT_TEAM = LM67982NF5;
				INFOPLIST_FILE = fitnolPractice/Info.plist;
				LD_RUNPATH_SEARCH_PATHS = (
					"$(inherited)",
					"@executable_path/Frameworks",
				);
				PRODUCT_BUNDLE_IDENTIFIER = com.theknockdoor.fitnolPractice;
				PRODUCT_NAME = "$(TARGET_NAME)";
				SWIFT_VERSION = 5.0;
				TARGETED_DEVICE_FAMILY = "1,2";
			};
			name = Release;
		};
/* End XCBuildConfiguration section */

/* Begin XCConfigurationList section */
		23218B9A240A615300C40135 /* Build configuration list for PBXProject "fitnolPractice" */ = {
			isa = XCConfigurationList;
			buildConfigurations = (
				23218BB4240A615600C40135 /* Debug */,
				23218BB5240A615600C40135 /* Release */,
			);
			defaultConfigurationIsVisible = 0;
			defaultConfigurationName = Release;
		};
		23218BB6240A615600C40135 /* Build configuration list for PBXNativeTarget "fitnolPractice" */ = {
			isa = XCConfigurationList;
			buildConfigurations = (
				23218BB7240A615600C40135 /* Debug */,
				23218BB8240A615600C40135 /* Release */,
			);
			defaultConfigurationIsVisible = 0;
			defaultConfigurationName = Release;
		};
/* End XCConfigurationList section */

/* Begin XCVersionGroup section */
		23218BAB240A615300C40135 /* fitnolPractice.xcdatamodeld */ = {
			isa = XCVersionGroup;
			children = (
				23218BAC240A615300C40135 /* fitnolPractice.xcdatamodel */,
			);
			currentVersion = 23218BAC240A615300C40135 /* fitnolPractice.xcdatamodel */;
			path = fitnolPractice.xcdatamodeld;
			sourceTree = "<group>";
			versionGroupType = wrapper.xcdatamodel;
		};
/* End XCVersionGroup section */
	};
	rootObject = 23218B97240A615300C40135 /* Project object */;
}
